
Microsoft Visual Studio Solution File, Format Version 12.00
# Visual Studio Version 17
VisualStudioVersion = 17.9.34728.123
MinimumVisualStudioVersion = 10.0.40219.1
Project("{2150E333-8FDC-42A3-9474-1A3956D46DE8}") = "Services", "Services", "{9BD8B3B8-0E1B-4956-A4A5-C538E0385184}"
EndProject
Project("{2150E333-8FDC-42A3-9474-1A3956D46DE8}") = "Catalog", "Catalog", "{D69E134A-6E95-4E4B-9188-7B63351974A7}"
EndProject
Project("{FAE04EC0-301F-11D3-BF4B-00C04F79EFBC}") = "Catalog.API", "Catalog.API\Catalog.API.csproj", "{707CEAAB-5640-4A7A-A969-D385D62488F9}"
EndProject
Global
	GlobalSection(SolutionConfigurationPlatforms) = preSolution
		Debug|Any CPU = Debug|Any CPU
		Release|Any CPU = Release|Any CPU
	EndGlobalSection
	GlobalSection(ProjectConfigurationPlatforms) = postSolution
		{707CEAAB-5640-4A7A-A969-D385D62488F9}.Debug|Any CPU.ActiveCfg = Debug|Any CPU
		{707CEAAB-5640-4A7A-A969-D385D62488F9}.Debug|Any CPU.Build.0 = Debug|Any CPU
		{707CEAAB-5640-4A7A-A969-D385D62488F9}.Release|Any CPU.ActiveCfg = Release|Any CPU
		{707CEAAB-5640-4A7A-A969-D385D62488F9}.Release|Any CPU.Build.0 = Release|Any CPU
	EndGlobalSection
	GlobalSection(SolutionProperties) = preSolution
		HideSolutionNode = FALSE
	EndGlobalSection
	GlobalSection(NestedProjects) = preSolution
		{D69E134A-6E95-4E4B-9188-7B63351974A7} = {9BD8B3B8-0E1B-4956-A4A5-C538E0385184}
		{707CEAAB-5640-4A7A-A969-D385D62488F9} = {D69E134A-6E95-4E4B-9188-7B63351974A7}
	EndGlobalSection
	GlobalSection(ExtensibilityGlobals) = postSolution
		SolutionGuid = {252135F3-BAAE-41FB-A2F7-965350D53BE1}
	EndGlobalSection
EndGlobal
